
Microsoft Visual Studio Solution File, Format Version 12.00
# Visual Studio Version 17
VisualStudioVersion = 17.4.33205.214
MinimumVisualStudioVersion = 10.0.40219.1
Project("{FAE04EC0-301F-11D3-BF4B-00C04F79EFBC}") = "ShoppingApplication", "ShoppingApplication\ShoppingApplication.csproj", "{D4F0BFF0-2FA1-4DD8-AAA3-96B7518889B8}"
EndProject
Global
	GlobalSection(SolutionConfigurationPlatforms) = preSolution
		Debug|Any CPU = Debug|Any CPU
		Release|Any CPU = Release|Any CPU
	EndGlobalSection
	GlobalSection(ProjectConfigurationPlatforms) = postSolution
		{D4F0BFF0-2FA1-4DD8-AAA3-96B7518889B8}.Debug|Any CPU.ActiveCfg = Debug|Any CPU
		{D4F0BFF0-2FA1-4DD8-AAA3-96B7518889B8}.Debug|Any CPU.Build.0 = Debug|Any CPU
		{D4F0BFF0-2FA1-4DD8-AAA3-96B7518889B8}.Release|Any CPU.ActiveCfg = Release|Any CPU
		{D4F0BFF0-2FA1-4DD8-AAA3-96B7518889B8}.Release|Any CPU.Build.0 = Release|Any CPU
	EndGlobalSection
	GlobalSection(SolutionProperties) = preSolution
		HideSolutionNode = FALSE
	EndGlobalSection
	GlobalSection(ExtensibilityGlobals) = postSolution
		SolutionGuid = {2B687E1B-0402-417E-B627-2F5AAAECE85C}
	EndGlobalSection
EndGlobal
