
Microsoft Visual Studio Solution File, Format Version 12.00
# Visual Studio Version 17
VisualStudioVersion = 17.4.33205.214
MinimumVisualStudioVersion = 10.0.40219.1
Project("{FAE04EC0-301F-11D3-BF4B-00C04F79EFBC}") = "Ass1strProblem4", "Ass1strProblem4\Ass1strProblem4.csproj", "{858997C6-84F9-4583-8087-1967B40CB173}"
EndProject
Global
	GlobalSection(SolutionConfigurationPlatforms) = preSolution
		Debug|Any CPU = Debug|Any CPU
		Release|Any CPU = Release|Any CPU
	EndGlobalSection
	GlobalSection(ProjectConfigurationPlatforms) = postSolution
		{858997C6-84F9-4583-8087-1967B40CB173}.Debug|Any CPU.ActiveCfg = Debug|Any CPU
		{858997C6-84F9-4583-8087-1967B40CB173}.Debug|Any CPU.Build.0 = Debug|Any CPU
		{858997C6-84F9-4583-8087-1967B40CB173}.Release|Any CPU.ActiveCfg = Release|Any CPU
		{858997C6-84F9-4583-8087-1967B40CB173}.Release|Any CPU.Build.0 = Release|Any CPU
	EndGlobalSection
	GlobalSection(SolutionProperties) = preSolution
		HideSolutionNode = FALSE
	EndGlobalSection
	GlobalSection(ExtensibilityGlobals) = postSolution
		SolutionGuid = {495BE4C2-57CD-4047-95F5-F56A4551EE30}
	EndGlobalSection
EndGlobal
