
Microsoft Visual Studio Solution File, Format Version 12.00
# Visual Studio Version 17
VisualStudioVersion = 17.4.33205.214
MinimumVisualStudioVersion = 10.0.40219.1
Project("{FAE04EC0-301F-11D3-BF4B-00C04F79EFBC}") = "Ass1strProblem3", "Ass1strProblem3\Ass1strProblem3.csproj", "{0D495A03-D989-46A1-8940-13DE0A89E07C}"
EndProject
Global
	GlobalSection(SolutionConfigurationPlatforms) = preSolution
		Debug|Any CPU = Debug|Any CPU
		Release|Any CPU = Release|Any CPU
	EndGlobalSection
	GlobalSection(ProjectConfigurationPlatforms) = postSolution
		{0D495A03-D989-46A1-8940-13DE0A89E07C}.Debug|Any CPU.ActiveCfg = Debug|Any CPU
		{0D495A03-D989-46A1-8940-13DE0A89E07C}.Debug|Any CPU.Build.0 = Debug|Any CPU
		{0D495A03-D989-46A1-8940-13DE0A89E07C}.Release|Any CPU.ActiveCfg = Release|Any CPU
		{0D495A03-D989-46A1-8940-13DE0A89E07C}.Release|Any CPU.Build.0 = Release|Any CPU
	EndGlobalSection
	GlobalSection(SolutionProperties) = preSolution
		HideSolutionNode = FALSE
	EndGlobalSection
	GlobalSection(ExtensibilityGlobals) = postSolution
		SolutionGuid = {BB8DA0A8-3998-4F11-A207-F701EE6BEBBA}
	EndGlobalSection
EndGlobal
