
Microsoft Visual Studio Solution File, Format Version 12.00
# Visual Studio Version 17
VisualStudioVersion = 17.4.33205.214
MinimumVisualStudioVersion = 10.0.40219.1
Project("{FAE04EC0-301F-11D3-BF4B-00C04F79EFBC}") = "Ass1Problem3", "Ass1Problem3\Ass1Problem3.csproj", "{5004B5E9-367C-4A68-B686-DE4029ED0FC7}"
EndProject
Global
	GlobalSection(SolutionConfigurationPlatforms) = preSolution
		Debug|Any CPU = Debug|Any CPU
		Release|Any CPU = Release|Any CPU
	EndGlobalSection
	GlobalSection(ProjectConfigurationPlatforms) = postSolution
		{5004B5E9-367C-4A68-B686-DE4029ED0FC7}.Debug|Any CPU.ActiveCfg = Debug|Any CPU
		{5004B5E9-367C-4A68-B686-DE4029ED0FC7}.Debug|Any CPU.Build.0 = Debug|Any CPU
		{5004B5E9-367C-4A68-B686-DE4029ED0FC7}.Release|Any CPU.ActiveCfg = Release|Any CPU
		{5004B5E9-367C-4A68-B686-DE4029ED0FC7}.Release|Any CPU.Build.0 = Release|Any CPU
	EndGlobalSection
	GlobalSection(SolutionProperties) = preSolution
		HideSolutionNode = FALSE
	EndGlobalSection
	GlobalSection(ExtensibilityGlobals) = postSolution
		SolutionGuid = {D335CB0A-D1CA-4439-B8EE-59E09E682D3D}
	EndGlobalSection
EndGlobal
