
Microsoft Visual Studio Solution File, Format Version 12.00
# Visual Studio Version 17
VisualStudioVersion = 17.4.33205.214
MinimumVisualStudioVersion = 10.0.40219.1
Project("{FAE04EC0-301F-11D3-BF4B-00C04F79EFBC}") = "AssignmentProblem1", "AssignmentProblem1\AssignmentProblem1.csproj", "{07D891AF-DA2A-453B-B827-5D0524C37810}"
EndProject
Global
	GlobalSection(SolutionConfigurationPlatforms) = preSolution
		Debug|Any CPU = Debug|Any CPU
		Release|Any CPU = Release|Any CPU
	EndGlobalSection
	GlobalSection(ProjectConfigurationPlatforms) = postSolution
		{07D891AF-DA2A-453B-B827-5D0524C37810}.Debug|Any CPU.ActiveCfg = Debug|Any CPU
		{07D891AF-DA2A-453B-B827-5D0524C37810}.Debug|Any CPU.Build.0 = Debug|Any CPU
		{07D891AF-DA2A-453B-B827-5D0524C37810}.Release|Any CPU.ActiveCfg = Release|Any CPU
		{07D891AF-DA2A-453B-B827-5D0524C37810}.Release|Any CPU.Build.0 = Release|Any CPU
	EndGlobalSection
	GlobalSection(SolutionProperties) = preSolution
		HideSolutionNode = FALSE
	EndGlobalSection
	GlobalSection(ExtensibilityGlobals) = postSolution
		SolutionGuid = {981F9A4B-F246-4D4F-ADBB-55D5E04A65BF}
	EndGlobalSection
EndGlobal
